
Microsoft Visual Studio Solution File, Format Version 12.00
# Visual Studio Version 17
VisualStudioVersion = 17.11.35327.3
MinimumVisualStudioVersion = 10.0.40219.1
Project("{9A19103F-16F7-4668-BE54-9A1E7A4F7556}") = "Movies.Api", "Movies.Api\Movies.Api.csproj", "{EAC7D5ED-91BE-47C8-AF19-4E89ABCE0EB2}"
EndProject
Project("{FAE04EC0-301F-11D3-BF4B-00C04F79EFBC}") = "IdentityServer", "IdentityServer\IdentityServer.csproj", "{5D96A070-B6CB-4E75-95D5-832800632C82}"
EndProject
Global
	GlobalSection(SolutionConfigurationPlatforms) = preSolution
		Debug|Any CPU = Debug|Any CPU
		Release|Any CPU = Release|Any CPU
	EndGlobalSection
	GlobalSection(ProjectConfigurationPlatforms) = postSolution
		{EAC7D5ED-91BE-47C8-AF19-4E89ABCE0EB2}.Debug|Any CPU.ActiveCfg = Debug|Any CPU
		{EAC7D5ED-91BE-47C8-AF19-4E89ABCE0EB2}.Debug|Any CPU.Build.0 = Debug|Any CPU
		{EAC7D5ED-91BE-47C8-AF19-4E89ABCE0EB2}.Release|Any CPU.ActiveCfg = Release|Any CPU
		{EAC7D5ED-91BE-47C8-AF19-4E89ABCE0EB2}.Release|Any CPU.Build.0 = Release|Any CPU
		{5D96A070-B6CB-4E75-95D5-832800632C82}.Debug|Any CPU.ActiveCfg = Debug|Any CPU
		{5D96A070-B6CB-4E75-95D5-832800632C82}.Debug|Any CPU.Build.0 = Debug|Any CPU
		{5D96A070-B6CB-4E75-95D5-832800632C82}.Release|Any CPU.ActiveCfg = Release|Any CPU
		{5D96A070-B6CB-4E75-95D5-832800632C82}.Release|Any CPU.Build.0 = Release|Any CPU
	EndGlobalSection
	GlobalSection(SolutionProperties) = preSolution
		HideSolutionNode = FALSE
	EndGlobalSection
	GlobalSection(ExtensibilityGlobals) = postSolution
		SolutionGuid = {5807E272-83F1-49B8-AE4B-921549A321CA}
	EndGlobalSection
EndGlobal
